
Microsoft Visual Studio Solution File, Format Version 12.00
# Visual Studio Version 16
VisualStudioVersion = 16.0.34601.136
MinimumVisualStudioVersion = 10.0.40219.1
Project("{FAE04EC0-301F-11D3-BF4B-00C04F79EFBC}") = "SQL server connection", "SQL server connection\SQL server connection.csproj", "{C03851EC-55C0-4B93-85E2-EFA8C3E2463C}"
EndProject
Global
	GlobalSection(SolutionConfigurationPlatforms) = preSolution
		Debug|Any CPU = Debug|Any CPU
		Release|Any CPU = Release|Any CPU
	EndGlobalSection
	GlobalSection(ProjectConfigurationPlatforms) = postSolution
		{C03851EC-55C0-4B93-85E2-EFA8C3E2463C}.Debug|Any CPU.ActiveCfg = Debug|Any CPU
		{C03851EC-55C0-4B93-85E2-EFA8C3E2463C}.Debug|Any CPU.Build.0 = Debug|Any CPU
		{C03851EC-55C0-4B93-85E2-EFA8C3E2463C}.Release|Any CPU.ActiveCfg = Release|Any CPU
		{C03851EC-55C0-4B93-85E2-EFA8C3E2463C}.Release|Any CPU.Build.0 = Release|Any CPU
	EndGlobalSection
	GlobalSection(SolutionProperties) = preSolution
		HideSolutionNode = FALSE
	EndGlobalSection
	GlobalSection(ExtensibilityGlobals) = postSolution
		SolutionGuid = {51EC598C-4D40-47DF-8482-F517ABB06FDA}
	EndGlobalSection
EndGlobal
